
Microsoft Visual Studio Solution File, Format Version 12.00
# Visual Studio Version 17
VisualStudioVersion = 17.4.33122.133
MinimumVisualStudioVersion = 10.0.40219.1
Project("{9A19103F-16F7-4668-BE54-9A1E7A4F7556}") = "ConsoleAnagram", "ConsoleAnagram\ConsoleAnagram.csproj", "{39DCDE1F-654C-4F4C-9FBC-9C2F8B1310DF}"
EndProject
Project("{9A19103F-16F7-4668-BE54-9A1E7A4F7556}") = "LibraryAnagram", "LibraryAnagram\LibraryAnagram.csproj", "{A2C18F40-045F-434B-9BAE-88A21390E110}"
EndProject
Project("{9A19103F-16F7-4668-BE54-9A1E7A4F7556}") = "LibreryAnagramTest", "LibreryAnagramTest\LibreryAnagramTest.csproj", "{44CD5018-6242-4662-B1D4-F08260C5F758}"
EndProject
Global
	GlobalSection(SolutionConfigurationPlatforms) = preSolution
		Debug|Any CPU = Debug|Any CPU
		Release|Any CPU = Release|Any CPU
	EndGlobalSection
	GlobalSection(ProjectConfigurationPlatforms) = postSolution
		{39DCDE1F-654C-4F4C-9FBC-9C2F8B1310DF}.Debug|Any CPU.ActiveCfg = Debug|Any CPU
		{39DCDE1F-654C-4F4C-9FBC-9C2F8B1310DF}.Debug|Any CPU.Build.0 = Debug|Any CPU
		{39DCDE1F-654C-4F4C-9FBC-9C2F8B1310DF}.Release|Any CPU.ActiveCfg = Release|Any CPU
		{39DCDE1F-654C-4F4C-9FBC-9C2F8B1310DF}.Release|Any CPU.Build.0 = Release|Any CPU
		{A2C18F40-045F-434B-9BAE-88A21390E110}.Debug|Any CPU.ActiveCfg = Debug|Any CPU
		{A2C18F40-045F-434B-9BAE-88A21390E110}.Debug|Any CPU.Build.0 = Debug|Any CPU
		{A2C18F40-045F-434B-9BAE-88A21390E110}.Release|Any CPU.ActiveCfg = Release|Any CPU
		{A2C18F40-045F-434B-9BAE-88A21390E110}.Release|Any CPU.Build.0 = Release|Any CPU
		{44CD5018-6242-4662-B1D4-F08260C5F758}.Debug|Any CPU.ActiveCfg = Debug|Any CPU
		{44CD5018-6242-4662-B1D4-F08260C5F758}.Debug|Any CPU.Build.0 = Debug|Any CPU
		{44CD5018-6242-4662-B1D4-F08260C5F758}.Release|Any CPU.ActiveCfg = Release|Any CPU
		{44CD5018-6242-4662-B1D4-F08260C5F758}.Release|Any CPU.Build.0 = Release|Any CPU
	EndGlobalSection
	GlobalSection(SolutionProperties) = preSolution
		HideSolutionNode = FALSE
	EndGlobalSection
	GlobalSection(ExtensibilityGlobals) = postSolution
		SolutionGuid = {011A1F58-4371-49C9-A7B8-80B445CD7651}
	EndGlobalSection
EndGlobal
