
Microsoft Visual Studio Solution File, Format Version 12.00
# Visual Studio Version 17
VisualStudioVersion = 17.3.32922.545
MinimumVisualStudioVersion = 10.0.40219.1
Project("{9A19103F-16F7-4668-BE54-9A1E7A4F7556}") = "ConsoleAnagram", "ConsoleAnagram\ConsoleAnagram.csproj", "{15B9D8C2-43A5-49E0-A8CC-36648A4F2CF7}"
EndProject
Project("{9A19103F-16F7-4668-BE54-9A1E7A4F7556}") = "LibraryAnagram", "LibraryAnagram\LibraryAnagram.csproj", "{46CBCAA0-48D7-4C47-BE0B-44D688FFD3CE}"
EndProject
Project("{9A19103F-16F7-4668-BE54-9A1E7A4F7556}") = "LibraryAnagramTest", "LibraryAnagramTest\LibraryAnagramTest.csproj", "{FD333728-E6D8-42F9-9EF4-BF22E6C3B24B}"
EndProject
Global
	GlobalSection(SolutionConfigurationPlatforms) = preSolution
		Debug|Any CPU = Debug|Any CPU
		Release|Any CPU = Release|Any CPU
	EndGlobalSection
	GlobalSection(ProjectConfigurationPlatforms) = postSolution
		{15B9D8C2-43A5-49E0-A8CC-36648A4F2CF7}.Debug|Any CPU.ActiveCfg = Debug|Any CPU
		{15B9D8C2-43A5-49E0-A8CC-36648A4F2CF7}.Debug|Any CPU.Build.0 = Debug|Any CPU
		{15B9D8C2-43A5-49E0-A8CC-36648A4F2CF7}.Release|Any CPU.ActiveCfg = Release|Any CPU
		{15B9D8C2-43A5-49E0-A8CC-36648A4F2CF7}.Release|Any CPU.Build.0 = Release|Any CPU
		{46CBCAA0-48D7-4C47-BE0B-44D688FFD3CE}.Debug|Any CPU.ActiveCfg = Debug|Any CPU
		{46CBCAA0-48D7-4C47-BE0B-44D688FFD3CE}.Debug|Any CPU.Build.0 = Debug|Any CPU
		{46CBCAA0-48D7-4C47-BE0B-44D688FFD3CE}.Release|Any CPU.ActiveCfg = Release|Any CPU
		{46CBCAA0-48D7-4C47-BE0B-44D688FFD3CE}.Release|Any CPU.Build.0 = Release|Any CPU
		{FD333728-E6D8-42F9-9EF4-BF22E6C3B24B}.Debug|Any CPU.ActiveCfg = Debug|Any CPU
		{FD333728-E6D8-42F9-9EF4-BF22E6C3B24B}.Debug|Any CPU.Build.0 = Debug|Any CPU
		{FD333728-E6D8-42F9-9EF4-BF22E6C3B24B}.Release|Any CPU.ActiveCfg = Release|Any CPU
		{FD333728-E6D8-42F9-9EF4-BF22E6C3B24B}.Release|Any CPU.Build.0 = Release|Any CPU
	EndGlobalSection
	GlobalSection(SolutionProperties) = preSolution
		HideSolutionNode = FALSE
	EndGlobalSection
	GlobalSection(ExtensibilityGlobals) = postSolution
		SolutionGuid = {57A51D59-49F6-44F0-B788-749379DED04B}
	EndGlobalSection
EndGlobal
