
Microsoft Visual Studio Solution File, Format Version 12.00
# Visual Studio Version 17
VisualStudioVersion = 17.3.32922.545
MinimumVisualStudioVersion = 10.0.40219.1
Project("{9A19103F-16F7-4668-BE54-9A1E7A4F7556}") = "LibraryAnagram", "LibraryAnagram\LibraryAnagram.csproj", "{D981BF49-8F83-4BCE-9637-DA39EF96FB30}"
EndProject
Project("{9A19103F-16F7-4668-BE54-9A1E7A4F7556}") = "ConsoleAnagram", "ConsoleAnagram\ConsoleAnagram.csproj", "{AE38F089-E14D-4F9E-9EEE-D139B71EDE59}"
EndProject
Project("{9A19103F-16F7-4668-BE54-9A1E7A4F7556}") = "LibraryAnagramTest", "LibraryAnagramTest\LibraryAnagramTest.csproj", "{F9078B83-6155-4D05-81AC-D9A72DC0F61F}"
EndProject
Global
	GlobalSection(SolutionConfigurationPlatforms) = preSolution
		Debug|Any CPU = Debug|Any CPU
		Release|Any CPU = Release|Any CPU
	EndGlobalSection
	GlobalSection(ProjectConfigurationPlatforms) = postSolution
		{D981BF49-8F83-4BCE-9637-DA39EF96FB30}.Debug|Any CPU.ActiveCfg = Debug|Any CPU
		{D981BF49-8F83-4BCE-9637-DA39EF96FB30}.Debug|Any CPU.Build.0 = Debug|Any CPU
		{D981BF49-8F83-4BCE-9637-DA39EF96FB30}.Release|Any CPU.ActiveCfg = Release|Any CPU
		{D981BF49-8F83-4BCE-9637-DA39EF96FB30}.Release|Any CPU.Build.0 = Release|Any CPU
		{AE38F089-E14D-4F9E-9EEE-D139B71EDE59}.Debug|Any CPU.ActiveCfg = Debug|Any CPU
		{AE38F089-E14D-4F9E-9EEE-D139B71EDE59}.Debug|Any CPU.Build.0 = Debug|Any CPU
		{AE38F089-E14D-4F9E-9EEE-D139B71EDE59}.Release|Any CPU.ActiveCfg = Release|Any CPU
		{AE38F089-E14D-4F9E-9EEE-D139B71EDE59}.Release|Any CPU.Build.0 = Release|Any CPU
		{F9078B83-6155-4D05-81AC-D9A72DC0F61F}.Debug|Any CPU.ActiveCfg = Debug|Any CPU
		{F9078B83-6155-4D05-81AC-D9A72DC0F61F}.Debug|Any CPU.Build.0 = Debug|Any CPU
		{F9078B83-6155-4D05-81AC-D9A72DC0F61F}.Release|Any CPU.ActiveCfg = Release|Any CPU
		{F9078B83-6155-4D05-81AC-D9A72DC0F61F}.Release|Any CPU.Build.0 = Release|Any CPU
	EndGlobalSection
	GlobalSection(SolutionProperties) = preSolution
		HideSolutionNode = FALSE
	EndGlobalSection
	GlobalSection(ExtensibilityGlobals) = postSolution
		SolutionGuid = {AB5651E3-1DCC-4EAE-8652-7B86AA3B194F}
	EndGlobalSection
EndGlobal
